{
  "name": "testing",
  "version": "1.0.0",
  "lockfileVersion": 1,
  "requires": true,
  "dependencies": {
    "@mysm/substraction": {
      "version": "1.8.0",
      "resolved": "https://registry.npmjs.org/@mysm/substraction/-/substraction-1.8.0.tgz",
      "integrity": "sha512-dWTQ3HSvE/nS29lDXxa2i/TVUJlAAyHxWKOdPOaWt1UIGpzBSDax14SQGdhx6d3a+ZTJXvpRGUIvhz8iKNaxXQ=="
    }
  }
}
